{
    "requires": true,
    "lockfileVersion": 1,
    "dependencies": {
        "@fullcalendar/angular": {
            "version": "4.4.5-beta",
            "resolved": "https://registry.npmjs.org/@fullcalendar/angular/-/angular-4.4.5-beta.tgz",
            "integrity": "sha512-L144YrgrgFr75/LGNcDDX9xKy465AZR/EqWPxkdNFgBSeeblH+kf8OMy8K6YcuJDlv4nXw4RucBqbMrrQKvbQw==",
            "requires": {
                "@fullcalendar/core": "~4.4.0",
                "fast-deep-equal": "^3.1.1"
            }
        },
        "@fullcalendar/core": {
            "version": "4.4.0",
            "resolved": "https://registry.npmjs.org/@fullcalendar/core/-/core-4.4.0.tgz",
            "integrity": "sha512-PC4mmXHJHAlXmUEmZVnePyA8yYCOBdxBNq8yjJqedEtT1X0x36yTFz/Y0Ux6bniICZDqYtk0xoxe6jaxi++e0g=="
        },
        "@fullcalendar/daygrid": {
            "version": "4.4.0",
            "resolved": "https://registry.npmjs.org/@fullcalendar/daygrid/-/daygrid-4.4.0.tgz",
            "integrity": "sha512-pDfvL0XZxKHTZ4VFOmwaYe3LmuABEIZsEopeqQ8y5O6BDen9KCbJqgHeCI8FpASSBd6bNlUx7il7EHdSoHhgIw=="
        },
        "fast-deep-equal": {
            "version": "3.1.1",
            "resolved": "https://registry.npmjs.org/fast-deep-equal/-/fast-deep-equal-3.1.1.tgz",
            "integrity": "sha512-8UEa58QDLauDNfpbrX55Q9jrGHThw2ZMdOky5Gl1CDtVeJDPVrG4Jxx1N8jw2gkWaff5UUuX1KJd+9zGe2B+ZA=="
        }
    }
}
